
Microsoft Visual Studio Solution File, Format Version 12.00
# Visual Studio Version 17
VisualStudioVersion = 17.1.32414.318
MinimumVisualStudioVersion = 10.0.40219.1
Project("{FAE04EC0-301F-11D3-BF4B-00C04F79EFBC}") = "NetCore.Web", "NetCore.Web\NetCore.Web.csproj", "{E80C7DA6-801E-4D7F-80A6-6063DB2B2509}"
EndProject
Global
	GlobalSection(SolutionConfigurationPlatforms) = preSolution
		Debug|Any CPU = Debug|Any CPU
		Release|Any CPU = Release|Any CPU
	EndGlobalSection
	GlobalSection(ProjectConfigurationPlatforms) = postSolution
		{E80C7DA6-801E-4D7F-80A6-6063DB2B2509}.Debug|Any CPU.ActiveCfg = Debug|Any CPU
		{E80C7DA6-801E-4D7F-80A6-6063DB2B2509}.Debug|Any CPU.Build.0 = Debug|Any CPU
		{E80C7DA6-801E-4D7F-80A6-6063DB2B2509}.Release|Any CPU.ActiveCfg = Release|Any CPU
		{E80C7DA6-801E-4D7F-80A6-6063DB2B2509}.Release|Any CPU.Build.0 = Release|Any CPU
	EndGlobalSection
	GlobalSection(SolutionProperties) = preSolution
		HideSolutionNode = FALSE
	EndGlobalSection
	GlobalSection(ExtensibilityGlobals) = postSolution
		SolutionGuid = {4F629B89-120B-42E9-8399-2BFCAA4ED3D0}
	EndGlobalSection
EndGlobal
