
Microsoft Visual Studio Solution File, Format Version 12.00
# Visual Studio Version 17
VisualStudioVersion = 17.1.32414.318
MinimumVisualStudioVersion = 10.0.40219.1
Project("{9A19103F-16F7-4668-BE54-9A1E7A4F7556}") = "NetCore.Web", "NetCore.Web\NetCore.Web.csproj", "{E80C7DA6-801E-4D7F-80A6-6063DB2B2509}"
EndProject
Project("{FAE04EC0-301F-11D3-BF4B-00C04F79EFBC}") = "NetCore.Services", "NetCore.Services\NetCore.Services.csproj", "{F0CD558D-ED0B-4FF7-8494-117F915BB864}"
EndProject
Project("{FAE04EC0-301F-11D3-BF4B-00C04F79EFBC}") = "NetCore.Data", "NetCore.Data\NetCore.Data.csproj", "{665F52C5-3F7C-4FF0-990E-9A25AD8A4124}"
EndProject
Global
	GlobalSection(SolutionConfigurationPlatforms) = preSolution
		Debug|Any CPU = Debug|Any CPU
		Release|Any CPU = Release|Any CPU
	EndGlobalSection
	GlobalSection(ProjectConfigurationPlatforms) = postSolution
		{E80C7DA6-801E-4D7F-80A6-6063DB2B2509}.Debug|Any CPU.ActiveCfg = Debug|Any CPU
		{E80C7DA6-801E-4D7F-80A6-6063DB2B2509}.Debug|Any CPU.Build.0 = Debug|Any CPU
		{E80C7DA6-801E-4D7F-80A6-6063DB2B2509}.Release|Any CPU.ActiveCfg = Release|Any CPU
		{E80C7DA6-801E-4D7F-80A6-6063DB2B2509}.Release|Any CPU.Build.0 = Release|Any CPU
		{F0CD558D-ED0B-4FF7-8494-117F915BB864}.Debug|Any CPU.ActiveCfg = Debug|Any CPU
		{F0CD558D-ED0B-4FF7-8494-117F915BB864}.Debug|Any CPU.Build.0 = Debug|Any CPU
		{F0CD558D-ED0B-4FF7-8494-117F915BB864}.Release|Any CPU.ActiveCfg = Release|Any CPU
		{F0CD558D-ED0B-4FF7-8494-117F915BB864}.Release|Any CPU.Build.0 = Release|Any CPU
		{665F52C5-3F7C-4FF0-990E-9A25AD8A4124}.Debug|Any CPU.ActiveCfg = Debug|Any CPU
		{665F52C5-3F7C-4FF0-990E-9A25AD8A4124}.Debug|Any CPU.Build.0 = Debug|Any CPU
		{665F52C5-3F7C-4FF0-990E-9A25AD8A4124}.Release|Any CPU.ActiveCfg = Release|Any CPU
		{665F52C5-3F7C-4FF0-990E-9A25AD8A4124}.Release|Any CPU.Build.0 = Release|Any CPU
	EndGlobalSection
	GlobalSection(SolutionProperties) = preSolution
		HideSolutionNode = FALSE
	EndGlobalSection
	GlobalSection(ExtensibilityGlobals) = postSolution
		SolutionGuid = {4F629B89-120B-42E9-8399-2BFCAA4ED3D0}
	EndGlobalSection
EndGlobal
